
Microsoft Visual Studio Solution File, Format Version 12.00
# Visual Studio Version 17
VisualStudioVersion = 17.5.002.0
MinimumVisualStudioVersion = 10.0.40219.1
Project("{9A19103F-16F7-4668-BE54-9A1E7A4F7556}") = "Exam1", "Exam1.csproj", "{641A83FE-624E-43E6-80E3-DC902F2E51BD}"
EndProject
Global
	GlobalSection(SolutionConfigurationPlatforms) = preSolution
		Debug|Any CPU = Debug|Any CPU
		Release|Any CPU = Release|Any CPU
	EndGlobalSection
	GlobalSection(ProjectConfigurationPlatforms) = postSolution
		{641A83FE-624E-43E6-80E3-DC902F2E51BD}.Debug|Any CPU.ActiveCfg = Debug|Any CPU
		{641A83FE-624E-43E6-80E3-DC902F2E51BD}.Debug|Any CPU.Build.0 = Debug|Any CPU
		{641A83FE-624E-43E6-80E3-DC902F2E51BD}.Release|Any CPU.ActiveCfg = Release|Any CPU
		{641A83FE-624E-43E6-80E3-DC902F2E51BD}.Release|Any CPU.Build.0 = Release|Any CPU
	EndGlobalSection
	GlobalSection(SolutionProperties) = preSolution
		HideSolutionNode = FALSE
	EndGlobalSection
	GlobalSection(ExtensibilityGlobals) = postSolution
		SolutionGuid = {C4979FED-F69D-43D3-8B4F-71F09E3E2BFB}
	EndGlobalSection
EndGlobal
